
Microsoft Visual Studio Solution File, Format Version 12.00
# Visual Studio Version 16
VisualStudioVersion = 16.0.30011.22
MinimumVisualStudioVersion = 10.0.40219.1
Project("{FAE04EC0-301F-11D3-BF4B-00C04F79EFBC}") = "App.UI.Desktop", "App.UI.Desktop\App.UI.Desktop.csproj", "{05BE937A-322E-4950-A021-C3CA767E25A0}"
EndProject
Project("{FAE04EC0-301F-11D3-BF4B-00C04F79EFBC}") = "App.Entities.Base", "App.Entities.Base\App.Entities.Base.csproj", "{5D2E3B17-6004-420C-A972-FB6C150C6A28}"
EndProject
Project("{FAE04EC0-301F-11D3-BF4B-00C04F79EFBC}") = "Chinook.Data", "Chinook.Data\Chinook.Data.csproj", "{3D3193D6-995B-4214-9A23-B05EAECCE69C}"
EndProject
Project("{FAE04EC0-301F-11D3-BF4B-00C04F79EFBC}") = "Chinook.Desktop", "Chinook.Desktop\Chinook.Desktop.csproj", "{9C5C26D0-3D11-45D9-BBCF-C7465D117864}"
EndProject
Project("{FAE04EC0-301F-11D3-BF4B-00C04F79EFBC}") = "Chinook.Entities", "Chinook.Entities\Chinook.Entities.csproj", "{C95BF542-85C4-4FE0-945F-A566D4E878E0}"
EndProject
Global
	GlobalSection(SolutionConfigurationPlatforms) = preSolution
		Debug|Any CPU = Debug|Any CPU
		Release|Any CPU = Release|Any CPU
	EndGlobalSection
	GlobalSection(ProjectConfigurationPlatforms) = postSolution
		{05BE937A-322E-4950-A021-C3CA767E25A0}.Debug|Any CPU.ActiveCfg = Debug|Any CPU
		{05BE937A-322E-4950-A021-C3CA767E25A0}.Debug|Any CPU.Build.0 = Debug|Any CPU
		{05BE937A-322E-4950-A021-C3CA767E25A0}.Release|Any CPU.ActiveCfg = Release|Any CPU
		{05BE937A-322E-4950-A021-C3CA767E25A0}.Release|Any CPU.Build.0 = Release|Any CPU
		{5D2E3B17-6004-420C-A972-FB6C150C6A28}.Debug|Any CPU.ActiveCfg = Debug|Any CPU
		{5D2E3B17-6004-420C-A972-FB6C150C6A28}.Debug|Any CPU.Build.0 = Debug|Any CPU
		{5D2E3B17-6004-420C-A972-FB6C150C6A28}.Release|Any CPU.ActiveCfg = Release|Any CPU
		{5D2E3B17-6004-420C-A972-FB6C150C6A28}.Release|Any CPU.Build.0 = Release|Any CPU
		{3D3193D6-995B-4214-9A23-B05EAECCE69C}.Debug|Any CPU.ActiveCfg = Debug|Any CPU
		{3D3193D6-995B-4214-9A23-B05EAECCE69C}.Debug|Any CPU.Build.0 = Debug|Any CPU
		{3D3193D6-995B-4214-9A23-B05EAECCE69C}.Release|Any CPU.ActiveCfg = Release|Any CPU
		{3D3193D6-995B-4214-9A23-B05EAECCE69C}.Release|Any CPU.Build.0 = Release|Any CPU
		{9C5C26D0-3D11-45D9-BBCF-C7465D117864}.Debug|Any CPU.ActiveCfg = Debug|Any CPU
		{9C5C26D0-3D11-45D9-BBCF-C7465D117864}.Debug|Any CPU.Build.0 = Debug|Any CPU
		{9C5C26D0-3D11-45D9-BBCF-C7465D117864}.Release|Any CPU.ActiveCfg = Release|Any CPU
		{9C5C26D0-3D11-45D9-BBCF-C7465D117864}.Release|Any CPU.Build.0 = Release|Any CPU
		{C95BF542-85C4-4FE0-945F-A566D4E878E0}.Debug|Any CPU.ActiveCfg = Debug|Any CPU
		{C95BF542-85C4-4FE0-945F-A566D4E878E0}.Debug|Any CPU.Build.0 = Debug|Any CPU
		{C95BF542-85C4-4FE0-945F-A566D4E878E0}.Release|Any CPU.ActiveCfg = Release|Any CPU
		{C95BF542-85C4-4FE0-945F-A566D4E878E0}.Release|Any CPU.Build.0 = Release|Any CPU
	EndGlobalSection
	GlobalSection(SolutionProperties) = preSolution
		HideSolutionNode = FALSE
	EndGlobalSection
	GlobalSection(ExtensibilityGlobals) = postSolution
		SolutionGuid = {59412CF0-B31B-444C-A4AA-938671E49C25}
	EndGlobalSection
EndGlobal
